// !$*UTF8*$!
{
	archiveVersion = 1;
	classes = {
	};
	objectVersion = 46;
	objects = {

/* Begin PBXBuildFile section */
		AF0F7FF316B5E34400FF6165 /* MenuActions.m in Sources */ = {isa = PBXBuildFile; fileRef = AF0F7FF216B5E34400FF6165 /* MenuActions.m */; };
		AF11D67616B5C03E006F2540 /* DKTags.m in Sources */ = {isa = PBXBuildFile; fileRef = AF11D67516B5C03E006F2540 /* DKTags.m */; };
		AF1894FC16B7D37300973DD1 /* CustomNSWindow.m in Sources */ = {isa = PBXBuildFile; fileRef = AF1894FB16B7D37300973DD1 /* CustomNSWindow.m */; };
		AF1894FF16B7D58D00973DD1 /* INAppStoreWindow.m in Sources */ = {isa = PBXBuildFile; fileRef = AF1894FE16B7D58D00973DD1 /* INAppStoreWindow.m */; };
		AF18950416B7D97000973DD1 /* INWindowButton.m in Sources */ = {isa = PBXBuildFile; fileRef = AF18950116B7D5C400973DD1 /* INWindowButton.m */; };
		AF18950516B7D97200973DD1 /* NSColor+INAdditions.m in Sources */ = {isa = PBXBuildFile; fileRef = AF18950316B7D5C400973DD1 /* NSColor+INAdditions.m */; };
		AF5E532116B704EA00FDAC01 /* GradientWindow.m in Sources */ = {isa = PBXBuildFile; fileRef = AF5E532016B704EA00FDAC01 /* GradientWindow.m */; };
		AF5E532416B708C200FDAC01 /* GradientScrollView.m in Sources */ = {isa = PBXBuildFile; fileRef = AF5E532316B708C200FDAC01 /* GradientScrollView.m */; };
		AF77432A16B5B4D40038374C /* Cocoa.framework in Frameworks */ = {isa = PBXBuildFile; fileRef = AF77432916B5B4D40038374C /* Cocoa.framework */; };
		AF77433416B5B4D40038374C /* InfoPlist.strings in Resources */ = {isa = PBXBuildFile; fileRef = AF77433216B5B4D40038374C /* InfoPlist.strings */; };
		AF77433616B5B4D40038374C /* main.m in Sources */ = {isa = PBXBuildFile; fileRef = AF77433516B5B4D40038374C /* main.m */; };
		AF77433A16B5B4D40038374C /* Credits.rtf in Resources */ = {isa = PBXBuildFile; fileRef = AF77433816B5B4D40038374C /* Credits.rtf */; };
		AF77433D16B5B4D40038374C /* AppDelegate.m in Sources */ = {isa = PBXBuildFile; fileRef = AF77433C16B5B4D40038374C /* AppDelegate.m */; };
		AF77434016B5B4D40038374C /* MainMenu.xib in Resources */ = {isa = PBXBuildFile; fileRef = AF77433E16B5B4D40038374C /* MainMenu.xib */; };
		AF7D713316C84260002B4919 /* EQSTRScrollView.m in Sources */ = {isa = PBXBuildFile; fileRef = AF7D713016C8425F002B4919 /* EQSTRScrollView.m */; settings = {COMPILER_FLAGS = "-fno-objc-arc"; }; };
		AF7D713416C84260002B4919 /* EQSTRClipView.m in Sources */ = {isa = PBXBuildFile; fileRef = AF7D713216C8425F002B4919 /* EQSTRClipView.m */; settings = {COMPILER_FLAGS = "-fno-objc-arc"; }; };
		AF7D713616C842B2002B4919 /* QuartzCore.framework in Frameworks */ = {isa = PBXBuildFile; fileRef = AF7D713516C842B2002B4919 /* QuartzCore.framework */; };
		AF7D713916C84B68002B4919 /* DKAnswers.m in Sources */ = {isa = PBXBuildFile; fileRef = AF7D713816C84B68002B4919 /* DKAnswers.m */; };
		AFC9246316BAA066005D5E92 /* PXSourceList.m in Sources */ = {isa = PBXBuildFile; fileRef = AFC9246016BAA065005D5E92 /* PXSourceList.m */; settings = {COMPILER_FLAGS = "-fno-objc-arc"; }; };
		AFC9246616BAA1BA005D5E92 /* LeftListController.m in Sources */ = {isa = PBXBuildFile; fileRef = AFC9246516BAA1BA005D5E92 /* LeftListController.m */; };
		AFC9246916BAA42A005D5E92 /* SourceListItem.m in Sources */ = {isa = PBXBuildFile; fileRef = AFC9246816BAA42A005D5E92 /* SourceListItem.m */; settings = {COMPILER_FLAGS = "-fno-objc-arc"; }; };
		AFC9246B16BAA93F005D5E92 /* tag_image.png in Resources */ = {isa = PBXBuildFile; fileRef = AFC9246A16BAA93F005D5E92 /* tag_image.png */; };
		AFC9246E16BAAC30005D5E92 /* DKQuestions.m in Sources */ = {isa = PBXBuildFile; fileRef = AFC9246D16BAAC30005D5E92 /* DKQuestions.m */; };
		AFC9247416BAC20F005D5E92 /* refresh.png in Resources */ = {isa = PBXBuildFile; fileRef = AFC9247316BAC20F005D5E92 /* refresh.png */; };
		AFD8283916BC22CA00163B0F /* RightSectionController.m in Sources */ = {isa = PBXBuildFile; fileRef = AFD8283816BC22CA00163B0F /* RightSectionController.m */; };
		AFE7697316B5D03500680BD4 /* NSObject+SBJson.m in Sources */ = {isa = PBXBuildFile; fileRef = AFE7695916B5D03500680BD4 /* NSObject+SBJson.m */; };
		AFE7697416B5D03500680BD4 /* SBJsonParser.m in Sources */ = {isa = PBXBuildFile; fileRef = AFE7695C16B5D03500680BD4 /* SBJsonParser.m */; };
		AFE7697516B5D03500680BD4 /* SBJsonStreamParser.m in Sources */ = {isa = PBXBuildFile; fileRef = AFE7695E16B5D03500680BD4 /* SBJsonStreamParser.m */; };
		AFE7697616B5D03500680BD4 /* SBJsonStreamParserAccumulator.m in Sources */ = {isa = PBXBuildFile; fileRef = AFE7696016B5D03500680BD4 /* SBJsonStreamParserAccumulator.m */; };
		AFE7697716B5D03500680BD4 /* SBJsonStreamParserAdapter.m in Sources */ = {isa = PBXBuildFile; fileRef = AFE7696216B5D03500680BD4 /* SBJsonStreamParserAdapter.m */; };
		AFE7697816B5D03500680BD4 /* SBJsonStreamParserState.m in Sources */ = {isa = PBXBuildFile; fileRef = AFE7696416B5D03500680BD4 /* SBJsonStreamParserState.m */; };
		AFE7697916B5D03500680BD4 /* SBJsonStreamTokeniser.m in Sources */ = {isa = PBXBuildFile; fileRef = AFE7696616B5D03500680BD4 /* SBJsonStreamTokeniser.m */; };
		AFE7697A16B5D03500680BD4 /* SBJsonStreamWriter.m in Sources */ = {isa = PBXBuildFile; fileRef = AFE7696816B5D03500680BD4 /* SBJsonStreamWriter.m */; };
		AFE7697B16B5D03500680BD4 /* SBJsonStreamWriterAccumulator.m in Sources */ = {isa = PBXBuildFile; fileRef = AFE7696A16B5D03500680BD4 /* SBJsonStreamWriterAccumulator.m */; };
		AFE7697C16B5D03500680BD4 /* SBJsonStreamWriterState.m in Sources */ = {isa = PBXBuildFile; fileRef = AFE7696C16B5D03500680BD4 /* SBJsonStreamWriterState.m */; };
		AFE7697D16B5D03500680BD4 /* SBJsonTokeniser.m in Sources */ = {isa = PBXBuildFile; fileRef = AFE7696E16B5D03500680BD4 /* SBJsonTokeniser.m */; };
		AFE7697E16B5D03500680BD4 /* SBJsonUTF8Stream.m in Sources */ = {isa = PBXBuildFile; fileRef = AFE7697016B5D03500680BD4 /* SBJsonUTF8Stream.m */; };
		AFE7697F16B5D03500680BD4 /* SBJsonWriter.m in Sources */ = {isa = PBXBuildFile; fileRef = AFE7697216B5D03500680BD4 /* SBJsonWriter.m */; };
		AFE7698216B5D59C00680BD4 /* MenuFactory.m in Sources */ = {isa = PBXBuildFile; fileRef = AFE7698116B5D59C00680BD4 /* MenuFactory.m */; };
/* End PBXBuildFile section */

/* Begin PBXFileReference section */
		AF0F7FF116B5E34400FF6165 /* MenuActions.h */ = {isa = PBXFileReference; fileEncoding = 4; lastKnownFileType = sourcecode.c.h; path = MenuActions.h; sourceTree = "<group>"; };
		AF0F7FF216B5E34400FF6165 /* MenuActions.m */ = {isa = PBXFileReference; fileEncoding = 4; lastKnownFileType = sourcecode.c.objc; path = MenuActions.m; sourceTree = "<group>"; };
		AF0F7FF516B5E5E500FF6165 /* MenuActionsProtocol.h */ = {isa = PBXFileReference; lastKnownFileType = sourcecode.c.h; path = MenuActionsProtocol.h; sourceTree = "<group>"; };
		AF11D67316B5BFE6006F2540 /* DKTagsProtocol.h */ = {isa = PBXFileReference; lastKnownFileType = sourcecode.c.h; name = DKTagsProtocol.h; path = Overflow/DKTagsProtocol.h; sourceTree = SOURCE_ROOT; };
		AF11D67416B5C03E006F2540 /* DKTags.h */ = {isa = PBXFileReference; fileEncoding = 4; lastKnownFileType = sourcecode.c.h; path = DKTags.h; sourceTree = "<group>"; };
		AF11D67516B5C03E006F2540 /* DKTags.m */ = {isa = PBXFileReference; fileEncoding = 4; lastKnownFileType = sourcecode.c.objc; path = DKTags.m; sourceTree = "<group>"; };
		AF1894FA16B7D37300973DD1 /* CustomNSWindow.h */ = {isa = PBXFileReference; fileEncoding = 4; lastKnownFileType = sourcecode.c.h; path = CustomNSWindow.h; sourceTree = "<group>"; };
		AF1894FB16B7D37300973DD1 /* CustomNSWindow.m */ = {isa = PBXFileReference; fileEncoding = 4; lastKnownFileType = sourcecode.c.objc; path = CustomNSWindow.m; sourceTree = "<group>"; };
		AF1894FD16B7D58D00973DD1 /* INAppStoreWindow.h */ = {isa = PBXFileReference; fileEncoding = 4; lastKnownFileType = sourcecode.c.h; path = INAppStoreWindow.h; sourceTree = "<group>"; };
		AF1894FE16B7D58D00973DD1 /* INAppStoreWindow.m */ = {isa = PBXFileReference; fileEncoding = 4; lastKnownFileType = sourcecode.c.objc; path = INAppStoreWindow.m; sourceTree = "<group>"; };
		AF18950016B7D5C400973DD1 /* INWindowButton.h */ = {isa = PBXFileReference; lastKnownFileType = sourcecode.c.h; path = INWindowButton.h; sourceTree = "<group>"; };
		AF18950116B7D5C400973DD1 /* INWindowButton.m */ = {isa = PBXFileReference; lastKnownFileType = sourcecode.c.objc; path = INWindowButton.m; sourceTree = "<group>"; };
		AF18950216B7D5C400973DD1 /* NSColor+INAdditions.h */ = {isa = PBXFileReference; lastKnownFileType = sourcecode.c.h; path = "NSColor+INAdditions.h"; sourceTree = "<group>"; };
		AF18950316B7D5C400973DD1 /* NSColor+INAdditions.m */ = {isa = PBXFileReference; lastKnownFileType = sourcecode.c.objc; path = "NSColor+INAdditions.m"; sourceTree = "<group>"; };
		AF5E531F16B704EA00FDAC01 /* GradientWindow.h */ = {isa = PBXFileReference; fileEncoding = 4; lastKnownFileType = sourcecode.c.h; name = GradientWindow.h; path = ../GradientWindow.h; sourceTree = "<group>"; };
		AF5E532016B704EA00FDAC01 /* GradientWindow.m */ = {isa = PBXFileReference; fileEncoding = 4; lastKnownFileType = sourcecode.c.objc; name = GradientWindow.m; path = ../GradientWindow.m; sourceTree = "<group>"; };
		AF5E532216B708C200FDAC01 /* GradientScrollView.h */ = {isa = PBXFileReference; fileEncoding = 4; lastKnownFileType = sourcecode.c.h; path = GradientScrollView.h; sourceTree = "<group>"; };
		AF5E532316B708C200FDAC01 /* GradientScrollView.m */ = {isa = PBXFileReference; fileEncoding = 4; lastKnownFileType = sourcecode.c.objc; path = GradientScrollView.m; sourceTree = "<group>"; };
		AF6F8BC316B6898400FF87A5 /* MenuFactoryProtocol.h */ = {isa = PBXFileReference; lastKnownFileType = sourcecode.c.h; path = MenuFactoryProtocol.h; sourceTree = "<group>"; };
		AF77432516B5B4D40038374C /* Overflow.app */ = {isa = PBXFileReference; explicitFileType = wrapper.application; includeInIndex = 0; path = Overflow.app; sourceTree = BUILT_PRODUCTS_DIR; };
		AF77432916B5B4D40038374C /* Cocoa.framework */ = {isa = PBXFileReference; lastKnownFileType = wrapper.framework; name = Cocoa.framework; path = System/Library/Frameworks/Cocoa.framework; sourceTree = SDKROOT; };
		AF77432C16B5B4D40038374C /* AppKit.framework */ = {isa = PBXFileReference; lastKnownFileType = wrapper.framework; name = AppKit.framework; path = System/Library/Frameworks/AppKit.framework; sourceTree = SDKROOT; };
		AF77432D16B5B4D40038374C /* CoreData.framework */ = {isa = PBXFileReference; lastKnownFileType = wrapper.framework; name = CoreData.framework; path = System/Library/Frameworks/CoreData.framework; sourceTree = SDKROOT; };
		AF77432E16B5B4D40038374C /* Foundation.framework */ = {isa = PBXFileReference; lastKnownFileType = wrapper.framework; name = Foundation.framework; path = System/Library/Frameworks/Foundation.framework; sourceTree = SDKROOT; };
		AF77433116B5B4D40038374C /* Overflow-Info.plist */ = {isa = PBXFileReference; lastKnownFileType = text.plist.xml; path = "Overflow-Info.plist"; sourceTree = "<group>"; };
		AF77433316B5B4D40038374C /* en */ = {isa = PBXFileReference; lastKnownFileType = text.plist.strings; name = en; path = en.lproj/InfoPlist.strings; sourceTree = "<group>"; };
		AF77433516B5B4D40038374C /* main.m */ = {isa = PBXFileReference; lastKnownFileType = sourcecode.c.objc; path = main.m; sourceTree = "<group>"; };
		AF77433716B5B4D40038374C /* Overflow-Prefix.pch */ = {isa = PBXFileReference; lastKnownFileType = sourcecode.c.h; path = "Overflow-Prefix.pch"; sourceTree = "<group>"; };
		AF77433916B5B4D40038374C /* en */ = {isa = PBXFileReference; lastKnownFileType = text.rtf; name = en; path = en.lproj/Credits.rtf; sourceTree = "<group>"; };
		AF77433B16B5B4D40038374C /* AppDelegate.h */ = {isa = PBXFileReference; lastKnownFileType = sourcecode.c.h; path = AppDelegate.h; sourceTree = "<group>"; };
		AF77433C16B5B4D40038374C /* AppDelegate.m */ = {isa = PBXFileReference; lastKnownFileType = sourcecode.c.objc; path = AppDelegate.m; sourceTree = "<group>"; };
		AF77433F16B5B4D40038374C /* en */ = {isa = PBXFileReference; lastKnownFileType = file.xib; name = en; path = en.lproj/MainMenu.xib; sourceTree = "<group>"; };
		AF7D712F16C8425F002B4919 /* EQSTRScrollView.h */ = {isa = PBXFileReference; fileEncoding = 4; lastKnownFileType = sourcecode.c.h; path = EQSTRScrollView.h; sourceTree = "<group>"; };
		AF7D713016C8425F002B4919 /* EQSTRScrollView.m */ = {isa = PBXFileReference; fileEncoding = 4; lastKnownFileType = sourcecode.c.objc; path = EQSTRScrollView.m; sourceTree = "<group>"; };
		AF7D713116C8425F002B4919 /* EQSTRClipView.h */ = {isa = PBXFileReference; fileEncoding = 4; lastKnownFileType = sourcecode.c.h; path = EQSTRClipView.h; sourceTree = "<group>"; };
		AF7D713216C8425F002B4919 /* EQSTRClipView.m */ = {isa = PBXFileReference; fileEncoding = 4; lastKnownFileType = sourcecode.c.objc; path = EQSTRClipView.m; sourceTree = "<group>"; };
		AF7D713516C842B2002B4919 /* QuartzCore.framework */ = {isa = PBXFileReference; lastKnownFileType = wrapper.framework; name = QuartzCore.framework; path = System/Library/Frameworks/QuartzCore.framework; sourceTree = SDKROOT; };
		AF7D713716C84B68002B4919 /* DKAnswers.h */ = {isa = PBXFileReference; fileEncoding = 4; lastKnownFileType = sourcecode.c.h; path = DKAnswers.h; sourceTree = "<group>"; };
		AF7D713816C84B68002B4919 /* DKAnswers.m */ = {isa = PBXFileReference; fileEncoding = 4; lastKnownFileType = sourcecode.c.objc; path = DKAnswers.m; sourceTree = "<group>"; };
		AFC9245F16BAA065005D5E92 /* PXSourceList.h */ = {isa = PBXFileReference; fileEncoding = 4; lastKnownFileType = sourcecode.c.h; path = PXSourceList.h; sourceTree = "<group>"; };
		AFC9246016BAA065005D5E92 /* PXSourceList.m */ = {isa = PBXFileReference; fileEncoding = 4; lastKnownFileType = sourcecode.c.objc; path = PXSourceList.m; sourceTree = "<group>"; };
		AFC9246116BAA065005D5E92 /* PXSourceListDataSource.h */ = {isa = PBXFileReference; fileEncoding = 4; lastKnownFileType = sourcecode.c.h; path = PXSourceListDataSource.h; sourceTree = "<group>"; };
		AFC9246216BAA065005D5E92 /* PXSourceListDelegate.h */ = {isa = PBXFileReference; fileEncoding = 4; lastKnownFileType = sourcecode.c.h; path = PXSourceListDelegate.h; sourceTree = "<group>"; };
		AFC9246416BAA1BA005D5E92 /* LeftListController.h */ = {isa = PBXFileReference; fileEncoding = 4; lastKnownFileType = sourcecode.c.h; path = LeftListController.h; sourceTree = "<group>"; };
		AFC9246516BAA1BA005D5E92 /* LeftListController.m */ = {isa = PBXFileReference; fileEncoding = 4; lastKnownFileType = sourcecode.c.objc; path = LeftListController.m; sourceTree = "<group>"; };
		AFC9246716BAA42A005D5E92 /* SourceListItem.h */ = {isa = PBXFileReference; fileEncoding = 4; lastKnownFileType = sourcecode.c.h; path = SourceListItem.h; sourceTree = "<group>"; };
		AFC9246816BAA42A005D5E92 /* SourceListItem.m */ = {isa = PBXFileReference; fileEncoding = 4; lastKnownFileType = sourcecode.c.objc; path = SourceListItem.m; sourceTree = "<group>"; };
		AFC9246A16BAA93F005D5E92 /* tag_image.png */ = {isa = PBXFileReference; lastKnownFileType = image.png; path = tag_image.png; sourceTree = "<group>"; };
		AFC9246C16BAAC30005D5E92 /* DKQuestions.h */ = {isa = PBXFileReference; fileEncoding = 4; lastKnownFileType = sourcecode.c.h; path = DKQuestions.h; sourceTree = "<group>"; };
		AFC9246D16BAAC30005D5E92 /* DKQuestions.m */ = {isa = PBXFileReference; fileEncoding = 4; lastKnownFileType = sourcecode.c.objc; path = DKQuestions.m; sourceTree = "<group>"; };
		AFC9246F16BAAC47005D5E92 /* DKQuestionsProtocol.h */ = {isa = PBXFileReference; lastKnownFileType = sourcecode.c.h; path = DKQuestionsProtocol.h; sourceTree = "<group>"; };
		AFC9247116BAB71D005D5E92 /* APITagsProtocol.h */ = {isa = PBXFileReference; lastKnownFileType = sourcecode.c.h; path = APITagsProtocol.h; sourceTree = "<group>"; };
		AFC9247316BAC20F005D5E92 /* refresh.png */ = {isa = PBXFileReference; lastKnownFileType = image.png; path = refresh.png; sourceTree = "<group>"; };
		AFD8283716BC22CA00163B0F /* RightSectionController.h */ = {isa = PBXFileReference; fileEncoding = 4; lastKnownFileType = sourcecode.c.h; path = RightSectionController.h; sourceTree = "<group>"; };
		AFD8283816BC22CA00163B0F /* RightSectionController.m */ = {isa = PBXFileReference; fileEncoding = 4; lastKnownFileType = sourcecode.c.objc; path = RightSectionController.m; sourceTree = "<group>"; };
		AFE7695816B5D03500680BD4 /* NSObject+SBJson.h */ = {isa = PBXFileReference; fileEncoding = 4; lastKnownFileType = sourcecode.c.h; path = "NSObject+SBJson.h"; sourceTree = "<group>"; };
		AFE7695916B5D03500680BD4 /* NSObject+SBJson.m */ = {isa = PBXFileReference; fileEncoding = 4; lastKnownFileType = sourcecode.c.objc; path = "NSObject+SBJson.m"; sourceTree = "<group>"; };
		AFE7695A16B5D03500680BD4 /* SBJson.h */ = {isa = PBXFileReference; fileEncoding = 4; lastKnownFileType = sourcecode.c.h; path = SBJson.h; sourceTree = "<group>"; };
		AFE7695B16B5D03500680BD4 /* SBJsonParser.h */ = {isa = PBXFileReference; fileEncoding = 4; lastKnownFileType = sourcecode.c.h; path = SBJsonParser.h; sourceTree = "<group>"; };
		AFE7695C16B5D03500680BD4 /* SBJsonParser.m */ = {isa = PBXFileReference; fileEncoding = 4; lastKnownFileType = sourcecode.c.objc; path = SBJsonParser.m; sourceTree = "<group>"; };
		AFE7695D16B5D03500680BD4 /* SBJsonStreamParser.h */ = {isa = PBXFileReference; fileEncoding = 4; lastKnownFileType = sourcecode.c.h; path = SBJsonStreamParser.h; sourceTree = "<group>"; };
		AFE7695E16B5D03500680BD4 /* SBJsonStreamParser.m */ = {isa = PBXFileReference; fileEncoding = 4; lastKnownFileType = sourcecode.c.objc; path = SBJsonStreamParser.m; sourceTree = "<group>"; };
		AFE7695F16B5D03500680BD4 /* SBJsonStreamParserAccumulator.h */ = {isa = PBXFileReference; fileEncoding = 4; lastKnownFileType = sourcecode.c.h; path = SBJsonStreamParserAccumulator.h; sourceTree = "<group>"; };
		AFE7696016B5D03500680BD4 /* SBJsonStreamParserAccumulator.m */ = {isa = PBXFileReference; fileEncoding = 4; lastKnownFileType = sourcecode.c.objc; path = SBJsonStreamParserAccumulator.m; sourceTree = "<group>"; };
		AFE7696116B5D03500680BD4 /* SBJsonStreamParserAdapter.h */ = {isa = PBXFileReference; fileEncoding = 4; lastKnownFileType = sourcecode.c.h; path = SBJsonStreamParserAdapter.h; sourceTree = "<group>"; };
		AFE7696216B5D03500680BD4 /* SBJsonStreamParserAdapter.m */ = {isa = PBXFileReference; fileEncoding = 4; lastKnownFileType = sourcecode.c.objc; path = SBJsonStreamParserAdapter.m; sourceTree = "<group>"; };
		AFE7696316B5D03500680BD4 /* SBJsonStreamParserState.h */ = {isa = PBXFileReference; fileEncoding = 4; lastKnownFileType = sourcecode.c.h; path = SBJsonStreamParserState.h; sourceTree = "<group>"; };
		AFE7696416B5D03500680BD4 /* SBJsonStreamParserState.m */ = {isa = PBXFileReference; fileEncoding = 4; lastKnownFileType = sourcecode.c.objc; path = SBJsonStreamParserState.m; sourceTree = "<group>"; };
		AFE7696516B5D03500680BD4 /* SBJsonStreamTokeniser.h */ = {isa = PBXFileReference; fileEncoding = 4; lastKnownFileType = sourcecode.c.h; path = SBJsonStreamTokeniser.h; sourceTree = "<group>"; };
		AFE7696616B5D03500680BD4 /* SBJsonStreamTokeniser.m */ = {isa = PBXFileReference; fileEncoding = 4; lastKnownFileType = sourcecode.c.objc; path = SBJsonStreamTokeniser.m; sourceTree = "<group>"; };
		AFE7696716B5D03500680BD4 /* SBJsonStreamWriter.h */ = {isa = PBXFileReference; fileEncoding = 4; lastKnownFileType = sourcecode.c.h; path = SBJsonStreamWriter.h; sourceTree = "<group>"; };
		AFE7696816B5D03500680BD4 /* SBJsonStreamWriter.m */ = {isa = PBXFileReference; fileEncoding = 4; lastKnownFileType = sourcecode.c.objc; path = SBJsonStreamWriter.m; sourceTree = "<group>"; };
		AFE7696916B5D03500680BD4 /* SBJsonStreamWriterAccumulator.h */ = {isa = PBXFileReference; fileEncoding = 4; lastKnownFileType = sourcecode.c.h; path = SBJsonStreamWriterAccumulator.h; sourceTree = "<group>"; };
		AFE7696A16B5D03500680BD4 /* SBJsonStreamWriterAccumulator.m */ = {isa = PBXFileReference; fileEncoding = 4; lastKnownFileType = sourcecode.c.objc; path = SBJsonStreamWriterAccumulator.m; sourceTree = "<group>"; };
		AFE7696B16B5D03500680BD4 /* SBJsonStreamWriterState.h */ = {isa = PBXFileReference; fileEncoding = 4; lastKnownFileType = sourcecode.c.h; path = SBJsonStreamWriterState.h; sourceTree = "<group>"; };
		AFE7696C16B5D03500680BD4 /* SBJsonStreamWriterState.m */ = {isa = PBXFileReference; fileEncoding = 4; lastKnownFileType = sourcecode.c.objc; path = SBJsonStreamWriterState.m; sourceTree = "<group>"; };
		AFE7696D16B5D03500680BD4 /* SBJsonTokeniser.h */ = {isa = PBXFileReference; fileEncoding = 4; lastKnownFileType = sourcecode.c.h; path = SBJsonTokeniser.h; sourceTree = "<group>"; };
		AFE7696E16B5D03500680BD4 /* SBJsonTokeniser.m */ = {isa = PBXFileReference; fileEncoding = 4; lastKnownFileType = sourcecode.c.objc; path = SBJsonTokeniser.m; sourceTree = "<group>"; };
		AFE7696F16B5D03500680BD4 /* SBJsonUTF8Stream.h */ = {isa = PBXFileReference; fileEncoding = 4; lastKnownFileType = sourcecode.c.h; path = SBJsonUTF8Stream.h; sourceTree = "<group>"; };
		AFE7697016B5D03500680BD4 /* SBJsonUTF8Stream.m */ = {isa = PBXFileReference; fileEncoding = 4; lastKnownFileType = sourcecode.c.objc; path = SBJsonUTF8Stream.m; sourceTree = "<group>"; };
		AFE7697116B5D03500680BD4 /* SBJsonWriter.h */ = {isa = PBXFileReference; fileEncoding = 4; lastKnownFileType = sourcecode.c.h; path = SBJsonWriter.h; sourceTree = "<group>"; };
		AFE7697216B5D03500680BD4 /* SBJsonWriter.m */ = {isa = PBXFileReference; fileEncoding = 4; lastKnownFileType = sourcecode.c.objc; path = SBJsonWriter.m; sourceTree = "<group>"; };
		AFE7698016B5D59C00680BD4 /* MenuFactory.h */ = {isa = PBXFileReference; fileEncoding = 4; lastKnownFileType = sourcecode.c.h; path = MenuFactory.h; sourceTree = "<group>"; };
		AFE7698116B5D59C00680BD4 /* MenuFactory.m */ = {isa = PBXFileReference; fileEncoding = 4; lastKnownFileType = sourcecode.c.objc; path = MenuFactory.m; sourceTree = "<group>"; };
/* End PBXFileReference section */

/* Begin PBXFrameworksBuildPhase section */
		AF77432216B5B4D40038374C /* Frameworks */ = {
			isa = PBXFrameworksBuildPhase;
			buildActionMask = 2147483647;
			files = (
				AF7D713616C842B2002B4919 /* QuartzCore.framework in Frameworks */,
				AF77432A16B5B4D40038374C /* Cocoa.framework in Frameworks */,
			);
			runOnlyForDeploymentPostprocessing = 0;
		};
/* End PBXFrameworksBuildPhase section */

/* Begin PBXGroup section */
		AF77431A16B5B4D40038374C = {
			isa = PBXGroup;
			children = (
				AF7D713516C842B2002B4919 /* QuartzCore.framework */,
				AF77432F16B5B4D40038374C /* Overflow */,
				AF77432816B5B4D40038374C /* Frameworks */,
				AF77432616B5B4D40038374C /* Products */,
			);
			sourceTree = "<group>";
		};
		AF77432616B5B4D40038374C /* Products */ = {
			isa = PBXGroup;
			children = (
				AF77432516B5B4D40038374C /* Overflow.app */,
			);
			name = Products;
			sourceTree = "<group>";
		};
		AF77432816B5B4D40038374C /* Frameworks */ = {
			isa = PBXGroup;
			children = (
				AF77432916B5B4D40038374C /* Cocoa.framework */,
				AF77432B16B5B4D40038374C /* Other Frameworks */,
			);
			name = Frameworks;
			sourceTree = "<group>";
		};
		AF77432B16B5B4D40038374C /* Other Frameworks */ = {
			isa = PBXGroup;
			children = (
				AF77432C16B5B4D40038374C /* AppKit.framework */,
				AF77432D16B5B4D40038374C /* CoreData.framework */,
				AF77432E16B5B4D40038374C /* Foundation.framework */,
			);
			name = "Other Frameworks";
			sourceTree = "<group>";
		};
		AF77432F16B5B4D40038374C /* Overflow */ = {
			isa = PBXGroup;
			children = (
				AFC9247516BAC21B005D5E92 /* Images */,
				AFC9247216BAC088005D5E92 /* Protocols */,
				AF1894FD16B7D58D00973DD1 /* INAppStoreWindow.h */,
				AF1894FE16B7D58D00973DD1 /* INAppStoreWindow.m */,
				AF18950016B7D5C400973DD1 /* INWindowButton.h */,
				AF18950116B7D5C400973DD1 /* INWindowButton.m */,
				AF18950216B7D5C400973DD1 /* NSColor+INAdditions.h */,
				AF18950316B7D5C400973DD1 /* NSColor+INAdditions.m */,
				AF1894FA16B7D37300973DD1 /* CustomNSWindow.h */,
				AF1894FB16B7D37300973DD1 /* CustomNSWindow.m */,
				AF5E531F16B704EA00FDAC01 /* GradientWindow.h */,
				AF5E532016B704EA00FDAC01 /* GradientWindow.m */,
				AF5E532216B708C200FDAC01 /* GradientScrollView.h */,
				AF5E532316B708C200FDAC01 /* GradientScrollView.m */,
				AFC9245F16BAA065005D5E92 /* PXSourceList.h */,
				AFC9246016BAA065005D5E92 /* PXSourceList.m */,
				AFC9246716BAA42A005D5E92 /* SourceListItem.h */,
				AFC9246816BAA42A005D5E92 /* SourceListItem.m */,
				AFC9246116BAA065005D5E92 /* PXSourceListDataSource.h */,
				AFC9246216BAA065005D5E92 /* PXSourceListDelegate.h */,
				AF7D712F16C8425F002B4919 /* EQSTRScrollView.h */,
				AF7D713016C8425F002B4919 /* EQSTRScrollView.m */,
				AF7D713116C8425F002B4919 /* EQSTRClipView.h */,
				AF7D713216C8425F002B4919 /* EQSTRClipView.m */,
				AFE7695716B5D03500680BD4 /* SBSJson */,
				AFE7698016B5D59C00680BD4 /* MenuFactory.h */,
				AFE7698116B5D59C00680BD4 /* MenuFactory.m */,
				AF77433B16B5B4D40038374C /* AppDelegate.h */,
				AF77433C16B5B4D40038374C /* AppDelegate.m */,
				AF0F7FF116B5E34400FF6165 /* MenuActions.h */,
				AF0F7FF216B5E34400FF6165 /* MenuActions.m */,
				AF11D67416B5C03E006F2540 /* DKTags.h */,
				AF11D67516B5C03E006F2540 /* DKTags.m */,
				AF77433E16B5B4D40038374C /* MainMenu.xib */,
				AF7D713716C84B68002B4919 /* DKAnswers.h */,
				AF7D713816C84B68002B4919 /* DKAnswers.m */,
				AFC9246416BAA1BA005D5E92 /* LeftListController.h */,
				AFC9246516BAA1BA005D5E92 /* LeftListController.m */,
				AFD8283716BC22CA00163B0F /* RightSectionController.h */,
				AFD8283816BC22CA00163B0F /* RightSectionController.m */,
				AFC9246C16BAAC30005D5E92 /* DKQuestions.h */,
				AFC9246D16BAAC30005D5E92 /* DKQuestions.m */,
				AF77433016B5B4D40038374C /* Supporting Files */,
			);
			path = Overflow;
			sourceTree = "<group>";
		};
		AF77433016B5B4D40038374C /* Supporting Files */ = {
			isa = PBXGroup;
			children = (
				AF77433116B5B4D40038374C /* Overflow-Info.plist */,
				AF77433216B5B4D40038374C /* InfoPlist.strings */,
				AF77433516B5B4D40038374C /* main.m */,
				AF77433716B5B4D40038374C /* Overflow-Prefix.pch */,
				AF77433816B5B4D40038374C /* Credits.rtf */,
			);
			name = "Supporting Files";
			sourceTree = "<group>";
		};
		AFC9247216BAC088005D5E92 /* Protocols */ = {
			isa = PBXGroup;
			children = (
				AF0F7FF516B5E5E500FF6165 /* MenuActionsProtocol.h */,
				AF6F8BC316B6898400FF87A5 /* MenuFactoryProtocol.h */,
				AFC9247116BAB71D005D5E92 /* APITagsProtocol.h */,
				AF11D67316B5BFE6006F2540 /* DKTagsProtocol.h */,
				AFC9246F16BAAC47005D5E92 /* DKQuestionsProtocol.h */,
			);
			name = Protocols;
			sourceTree = "<group>";
		};
		AFC9247516BAC21B005D5E92 /* Images */ = {
			isa = PBXGroup;
			children = (
				AFC9246A16BAA93F005D5E92 /* tag_image.png */,
				AFC9247316BAC20F005D5E92 /* refresh.png */,
			);
			name = Images;
			sourceTree = "<group>";
		};
		AFE7695716B5D03500680BD4 /* SBSJson */ = {
			isa = PBXGroup;
			children = (
				AFE7695816B5D03500680BD4 /* NSObject+SBJson.h */,
				AFE7695916B5D03500680BD4 /* NSObject+SBJson.m */,
				AFE7695A16B5D03500680BD4 /* SBJson.h */,
				AFE7695B16B5D03500680BD4 /* SBJsonParser.h */,
				AFE7695C16B5D03500680BD4 /* SBJsonParser.m */,
				AFE7695D16B5D03500680BD4 /* SBJsonStreamParser.h */,
				AFE7695E16B5D03500680BD4 /* SBJsonStreamParser.m */,
				AFE7695F16B5D03500680BD4 /* SBJsonStreamParserAccumulator.h */,
				AFE7696016B5D03500680BD4 /* SBJsonStreamParserAccumulator.m */,
				AFE7696116B5D03500680BD4 /* SBJsonStreamParserAdapter.h */,
				AFE7696216B5D03500680BD4 /* SBJsonStreamParserAdapter.m */,
				AFE7696316B5D03500680BD4 /* SBJsonStreamParserState.h */,
				AFE7696416B5D03500680BD4 /* SBJsonStreamParserState.m */,
				AFE7696516B5D03500680BD4 /* SBJsonStreamTokeniser.h */,
				AFE7696616B5D03500680BD4 /* SBJsonStreamTokeniser.m */,
				AFE7696716B5D03500680BD4 /* SBJsonStreamWriter.h */,
				AFE7696816B5D03500680BD4 /* SBJsonStreamWriter.m */,
				AFE7696916B5D03500680BD4 /* SBJsonStreamWriterAccumulator.h */,
				AFE7696A16B5D03500680BD4 /* SBJsonStreamWriterAccumulator.m */,
				AFE7696B16B5D03500680BD4 /* SBJsonStreamWriterState.h */,
				AFE7696C16B5D03500680BD4 /* SBJsonStreamWriterState.m */,
				AFE7696D16B5D03500680BD4 /* SBJsonTokeniser.h */,
				AFE7696E16B5D03500680BD4 /* SBJsonTokeniser.m */,
				AFE7696F16B5D03500680BD4 /* SBJsonUTF8Stream.h */,
				AFE7697016B5D03500680BD4 /* SBJsonUTF8Stream.m */,
				AFE7697116B5D03500680BD4 /* SBJsonWriter.h */,
				AFE7697216B5D03500680BD4 /* SBJsonWriter.m */,
			);
			path = SBSJson;
			sourceTree = "<group>";
		};
/* End PBXGroup section */

/* Begin PBXNativeTarget section */
		AF77432416B5B4D40038374C /* Overflow */ = {
			isa = PBXNativeTarget;
			buildConfigurationList = AF77434316B5B4D40038374C /* Build configuration list for PBXNativeTarget "Overflow" */;
			buildPhases = (
				AF77432116B5B4D40038374C /* Sources */,
				AF77432216B5B4D40038374C /* Frameworks */,
				AF77432316B5B4D40038374C /* Resources */,
			);
			buildRules = (
			);
			dependencies = (
			);
			name = Overflow;
			productName = Overflow;
			productReference = AF77432516B5B4D40038374C /* Overflow.app */;
			productType = "com.apple.product-type.application";
		};
/* End PBXNativeTarget section */

/* Begin PBXProject section */
		AF77431C16B5B4D40038374C /* Project object */ = {
			isa = PBXProject;
			attributes = {
				LastUpgradeCheck = 0450;
				ORGANIZATIONNAME = "Kurilo Dmitry";
			};
			buildConfigurationList = AF77431F16B5B4D40038374C /* Build configuration list for PBXProject "Overflow" */;
			compatibilityVersion = "Xcode 3.2";
			developmentRegion = English;
			hasScannedForEncodings = 0;
			knownRegions = (
				en,
			);
			mainGroup = AF77431A16B5B4D40038374C;
			productRefGroup = AF77432616B5B4D40038374C /* Products */;
			projectDirPath = "";
			projectRoot = "";
			targets = (
				AF77432416B5B4D40038374C /* Overflow */,
			);
		};
/* End PBXProject section */

/* Begin PBXResourcesBuildPhase section */
		AF77432316B5B4D40038374C /* Resources */ = {
			isa = PBXResourcesBuildPhase;
			buildActionMask = 2147483647;
			files = (
				AF77433416B5B4D40038374C /* InfoPlist.strings in Resources */,
				AF77433A16B5B4D40038374C /* Credits.rtf in Resources */,
				AF77434016B5B4D40038374C /* MainMenu.xib in Resources */,
				AFC9246B16BAA93F005D5E92 /* tag_image.png in Resources */,
				AFC9247416BAC20F005D5E92 /* refresh.png in Resources */,
			);
			runOnlyForDeploymentPostprocessing = 0;
		};
/* End PBXResourcesBuildPhase section */

/* Begin PBXSourcesBuildPhase section */
		AF77432116B5B4D40038374C /* Sources */ = {
			isa = PBXSourcesBuildPhase;
			buildActionMask = 2147483647;
			files = (
				AF18950516B7D97200973DD1 /* NSColor+INAdditions.m in Sources */,
				AF18950416B7D97000973DD1 /* INWindowButton.m in Sources */,
				AF77433616B5B4D40038374C /* main.m in Sources */,
				AF77433D16B5B4D40038374C /* AppDelegate.m in Sources */,
				AF11D67616B5C03E006F2540 /* DKTags.m in Sources */,
				AFE7697316B5D03500680BD4 /* NSObject+SBJson.m in Sources */,
				AFE7697416B5D03500680BD4 /* SBJsonParser.m in Sources */,
				AFE7697516B5D03500680BD4 /* SBJsonStreamParser.m in Sources */,
				AFE7697616B5D03500680BD4 /* SBJsonStreamParserAccumulator.m in Sources */,
				AFE7697716B5D03500680BD4 /* SBJsonStreamParserAdapter.m in Sources */,
				AFE7697816B5D03500680BD4 /* SBJsonStreamParserState.m in Sources */,
				AFE7697916B5D03500680BD4 /* SBJsonStreamTokeniser.m in Sources */,
				AFE7697A16B5D03500680BD4 /* SBJsonStreamWriter.m in Sources */,
				AFE7697B16B5D03500680BD4 /* SBJsonStreamWriterAccumulator.m in Sources */,
				AFE7697C16B5D03500680BD4 /* SBJsonStreamWriterState.m in Sources */,
				AFE7697D16B5D03500680BD4 /* SBJsonTokeniser.m in Sources */,
				AFE7697E16B5D03500680BD4 /* SBJsonUTF8Stream.m in Sources */,
				AFE7697F16B5D03500680BD4 /* SBJsonWriter.m in Sources */,
				AFE7698216B5D59C00680BD4 /* MenuFactory.m in Sources */,
				AF0F7FF316B5E34400FF6165 /* MenuActions.m in Sources */,
				AF5E532116B704EA00FDAC01 /* GradientWindow.m in Sources */,
				AF5E532416B708C200FDAC01 /* GradientScrollView.m in Sources */,
				AF1894FC16B7D37300973DD1 /* CustomNSWindow.m in Sources */,
				AF1894FF16B7D58D00973DD1 /* INAppStoreWindow.m in Sources */,
				AFC9246316BAA066005D5E92 /* PXSourceList.m in Sources */,
				AFC9246616BAA1BA005D5E92 /* LeftListController.m in Sources */,
				AFC9246916BAA42A005D5E92 /* SourceListItem.m in Sources */,
				AFC9246E16BAAC30005D5E92 /* DKQuestions.m in Sources */,
				AFD8283916BC22CA00163B0F /* RightSectionController.m in Sources */,
				AF7D713316C84260002B4919 /* EQSTRScrollView.m in Sources */,
				AF7D713416C84260002B4919 /* EQSTRClipView.m in Sources */,
				AF7D713916C84B68002B4919 /* DKAnswers.m in Sources */,
			);
			runOnlyForDeploymentPostprocessing = 0;
		};
/* End PBXSourcesBuildPhase section */

/* Begin PBXVariantGroup section */
		AF77433216B5B4D40038374C /* InfoPlist.strings */ = {
			isa = PBXVariantGroup;
			children = (
				AF77433316B5B4D40038374C /* en */,
			);
			name = InfoPlist.strings;
			sourceTree = "<group>";
		};
		AF77433816B5B4D40038374C /* Credits.rtf */ = {
			isa = PBXVariantGroup;
			children = (
				AF77433916B5B4D40038374C /* en */,
			);
			name = Credits.rtf;
			sourceTree = "<group>";
		};
		AF77433E16B5B4D40038374C /* MainMenu.xib */ = {
			isa = PBXVariantGroup;
			children = (
				AF77433F16B5B4D40038374C /* en */,
			);
			name = MainMenu.xib;
			sourceTree = "<group>";
		};
/* End PBXVariantGroup section */

/* Begin XCBuildConfiguration section */
		AF77434116B5B4D40038374C /* Debug */ = {
			isa = XCBuildConfiguration;
			buildSettings = {
				ALWAYS_SEARCH_USER_PATHS = NO;
				ARCHS = "$(ARCHS_STANDARD_64_BIT)";
				CLANG_CXX_LANGUAGE_STANDARD = "gnu++0x";
				CLANG_CXX_LIBRARY = "libc++";
				CLANG_ENABLE_OBJC_ARC = YES;
				CLANG_WARN_EMPTY_BODY = YES;
				CLANG_WARN__DUPLICATE_METHOD_MATCH = YES;
				COPY_PHASE_STRIP = NO;
				GCC_C_LANGUAGE_STANDARD = gnu99;
				GCC_DYNAMIC_NO_PIC = NO;
				GCC_ENABLE_OBJC_EXCEPTIONS = YES;
				GCC_OPTIMIZATION_LEVEL = 0;
				GCC_PREPROCESSOR_DEFINITIONS = (
					"DEBUG=1",
					"$(inherited)",
				);
				GCC_SYMBOLS_PRIVATE_EXTERN = NO;
				GCC_WARN_64_TO_32_BIT_CONVERSION = YES;
				GCC_WARN_ABOUT_RETURN_TYPE = YES;
				GCC_WARN_UNINITIALIZED_AUTOS = YES;
				GCC_WARN_UNUSED_VARIABLE = YES;
				MACOSX_DEPLOYMENT_TARGET = 10.7;
				ONLY_ACTIVE_ARCH = YES;
				SDKROOT = macosx;
			};
			name = Debug;
		};
		AF77434216B5B4D40038374C /* Release */ = {
			isa = XCBuildConfiguration;
			buildSettings = {
				ALWAYS_SEARCH_USER_PATHS = NO;
				ARCHS = "$(ARCHS_STANDARD_64_BIT)";
				CLANG_CXX_LANGUAGE_STANDARD = "gnu++0x";
				CLANG_CXX_LIBRARY = "libc++";
				CLANG_ENABLE_OBJC_ARC = YES;
				CLANG_WARN_EMPTY_BODY = YES;
				CLANG_WARN__DUPLICATE_METHOD_MATCH = YES;
				COPY_PHASE_STRIP = YES;
				DEBUG_INFORMATION_FORMAT = "dwarf-with-dsym";
				GCC_C_LANGUAGE_STANDARD = gnu99;
				GCC_ENABLE_OBJC_EXCEPTIONS = YES;
				GCC_WARN_64_TO_32_BIT_CONVERSION = YES;
				GCC_WARN_ABOUT_RETURN_TYPE = YES;
				GCC_WARN_UNINITIALIZED_AUTOS = YES;
				GCC_WARN_UNUSED_VARIABLE = YES;
				MACOSX_DEPLOYMENT_TARGET = 10.7;
				SDKROOT = macosx;
			};
			name = Release;
		};
		AF77434416B5B4D40038374C /* Debug */ = {
			isa = XCBuildConfiguration;
			buildSettings = {
				COMBINE_HIDPI_IMAGES = YES;
				GCC_PRECOMPILE_PREFIX_HEADER = YES;
				GCC_PREFIX_HEADER = "Overflow/Overflow-Prefix.pch";
				INFOPLIST_FILE = "Overflow/Overflow-Info.plist";
				MACOSX_DEPLOYMENT_TARGET = 10.7;
				PRODUCT_NAME = "$(TARGET_NAME)";
				WRAPPER_EXTENSION = app;
			};
			name = Debug;
		};
		AF77434516B5B4D40038374C /* Release */ = {
			isa = XCBuildConfiguration;
			buildSettings = {
				COMBINE_HIDPI_IMAGES = YES;
				GCC_PRECOMPILE_PREFIX_HEADER = YES;
				GCC_PREFIX_HEADER = "Overflow/Overflow-Prefix.pch";
				INFOPLIST_FILE = "Overflow/Overflow-Info.plist";
				MACOSX_DEPLOYMENT_TARGET = 10.7;
				PRODUCT_NAME = "$(TARGET_NAME)";
				WRAPPER_EXTENSION = app;
			};
			name = Release;
		};
/* End XCBuildConfiguration section */

/* Begin XCConfigurationList section */
		AF77431F16B5B4D40038374C /* Build configuration list for PBXProject "Overflow" */ = {
			isa = XCConfigurationList;
			buildConfigurations = (
				AF77434116B5B4D40038374C /* Debug */,
				AF77434216B5B4D40038374C /* Release */,
			);
			defaultConfigurationIsVisible = 0;
			defaultConfigurationName = Release;
		};
		AF77434316B5B4D40038374C /* Build configuration list for PBXNativeTarget "Overflow" */ = {
			isa = XCConfigurationList;
			buildConfigurations = (
				AF77434416B5B4D40038374C /* Debug */,
				AF77434516B5B4D40038374C /* Release */,
			);
			defaultConfigurationIsVisible = 0;
			defaultConfigurationName = Release;
		};
/* End XCConfigurationList section */
	};
	rootObject = AF77431C16B5B4D40038374C /* Project object */;
}
